
Microsoft Visual Studio Solution File, Format Version 12.00
# Visual Studio Version 16
VisualStudioVersion = 16.0.31729.503
MinimumVisualStudioVersion = 10.0.40219.1
Project("{FAE04EC0-301F-11D3-BF4B-00C04F79EFBC}") = "Lombiq.OrchardDojoLibrary", "Lombiq.OrchardDojoLibrary.csproj", "{4CE2F7CC-D2FA-45C3-8D88-A5BE554E55A9}"
EndProject
Global
	GlobalSection(SolutionConfigurationPlatforms) = preSolution
		Debug|Any CPU = Debug|Any CPU
		Release|Any CPU = Release|Any CPU
	EndGlobalSection
	GlobalSection(ProjectConfigurationPlatforms) = postSolution
		{4CE2F7CC-D2FA-45C3-8D88-A5BE554E55A9}.Debug|Any CPU.ActiveCfg = Debug|Any CPU
		{4CE2F7CC-D2FA-45C3-8D88-A5BE554E55A9}.Debug|Any CPU.Build.0 = Debug|Any CPU
		{4CE2F7CC-D2FA-45C3-8D88-A5BE554E55A9}.Release|Any CPU.ActiveCfg = Release|Any CPU
		{4CE2F7CC-D2FA-45C3-8D88-A5BE554E55A9}.Release|Any CPU.Build.0 = Release|Any CPU
	EndGlobalSection
	GlobalSection(SolutionProperties) = preSolution
		HideSolutionNode = FALSE
	EndGlobalSection
	GlobalSection(ExtensibilityGlobals) = postSolution
		SolutionGuid = {7C0072F1-7BD9-465E-8EE8-4094D16D17E7}
	EndGlobalSection
EndGlobal
